
Microsoft Visual Studio Solution File, Format Version 12.00
# Visual Studio Version 16
VisualStudioVersion = 16.0.29519.87
MinimumVisualStudioVersion = 10.0.40219.1
Project("{FAE04EC0-301F-11D3-BF4B-00C04F79EFBC}") = "Vetor1", "Vetor1\Vetor1.csproj", "{AB8F19C3-10C6-42BD-A190-8F90D4EDF384}"
EndProject
Global
	GlobalSection(SolutionConfigurationPlatforms) = preSolution
		Debug|Any CPU = Debug|Any CPU
		Release|Any CPU = Release|Any CPU
	EndGlobalSection
	GlobalSection(ProjectConfigurationPlatforms) = postSolution
		{AB8F19C3-10C6-42BD-A190-8F90D4EDF384}.Debug|Any CPU.ActiveCfg = Debug|Any CPU
		{AB8F19C3-10C6-42BD-A190-8F90D4EDF384}.Debug|Any CPU.Build.0 = Debug|Any CPU
		{AB8F19C3-10C6-42BD-A190-8F90D4EDF384}.Release|Any CPU.ActiveCfg = Release|Any CPU
		{AB8F19C3-10C6-42BD-A190-8F90D4EDF384}.Release|Any CPU.Build.0 = Release|Any CPU
	EndGlobalSection
	GlobalSection(SolutionProperties) = preSolution
		HideSolutionNode = FALSE
	EndGlobalSection
	GlobalSection(ExtensibilityGlobals) = postSolution
		SolutionGuid = {487D18BB-EF39-45CB-B9AA-C6DA31D7BD17}
	EndGlobalSection
EndGlobal
