
Microsoft Visual Studio Solution File, Format Version 12.00
# Visual Studio Version 16
VisualStudioVersion = 16.0.29519.87
MinimumVisualStudioVersion = 10.0.40219.1
Project("{FAE04EC0-301F-11D3-BF4B-00C04F79EFBC}") = "VetorHotel", "VetorHotel\VetorHotel.csproj", "{1354248F-A1BA-4CFD-8B29-7BB7614FE864}"
EndProject
Global
	GlobalSection(SolutionConfigurationPlatforms) = preSolution
		Debug|Any CPU = Debug|Any CPU
		Release|Any CPU = Release|Any CPU
	EndGlobalSection
	GlobalSection(ProjectConfigurationPlatforms) = postSolution
		{1354248F-A1BA-4CFD-8B29-7BB7614FE864}.Debug|Any CPU.ActiveCfg = Debug|Any CPU
		{1354248F-A1BA-4CFD-8B29-7BB7614FE864}.Debug|Any CPU.Build.0 = Debug|Any CPU
		{1354248F-A1BA-4CFD-8B29-7BB7614FE864}.Release|Any CPU.ActiveCfg = Release|Any CPU
		{1354248F-A1BA-4CFD-8B29-7BB7614FE864}.Release|Any CPU.Build.0 = Release|Any CPU
	EndGlobalSection
	GlobalSection(SolutionProperties) = preSolution
		HideSolutionNode = FALSE
	EndGlobalSection
	GlobalSection(ExtensibilityGlobals) = postSolution
		SolutionGuid = {FA8A4B01-7798-408B-860B-A4FE5F637C51}
	EndGlobalSection
EndGlobal
