
Microsoft Visual Studio Solution File, Format Version 12.00
# Visual Studio Version 16
VisualStudioVersion = 16.0.29806.167
MinimumVisualStudioVersion = 10.0.40219.1
Project("{FAE04EC0-301F-11D3-BF4B-00C04F79EFBC}") = "FileExample2", "FileExample2\FileExample2.csproj", "{3485DD8D-C528-4821-A5BE-9311CFDCF47E}"
EndProject
Global
	GlobalSection(SolutionConfigurationPlatforms) = preSolution
		Debug|Any CPU = Debug|Any CPU
		Release|Any CPU = Release|Any CPU
	EndGlobalSection
	GlobalSection(ProjectConfigurationPlatforms) = postSolution
		{3485DD8D-C528-4821-A5BE-9311CFDCF47E}.Debug|Any CPU.ActiveCfg = Debug|Any CPU
		{3485DD8D-C528-4821-A5BE-9311CFDCF47E}.Debug|Any CPU.Build.0 = Debug|Any CPU
		{3485DD8D-C528-4821-A5BE-9311CFDCF47E}.Release|Any CPU.ActiveCfg = Release|Any CPU
		{3485DD8D-C528-4821-A5BE-9311CFDCF47E}.Release|Any CPU.Build.0 = Release|Any CPU
	EndGlobalSection
	GlobalSection(SolutionProperties) = preSolution
		HideSolutionNode = FALSE
	EndGlobalSection
	GlobalSection(ExtensibilityGlobals) = postSolution
		SolutionGuid = {6626B887-DA8B-42D8-860B-ADFD4A6AEF5A}
	EndGlobalSection
EndGlobal
