
Microsoft Visual Studio Solution File, Format Version 12.00
# Visual Studio Version 16
VisualStudioVersion = 16.0.29519.87
MinimumVisualStudioVersion = 10.0.40219.1
Project("{FAE04EC0-301F-11D3-BF4B-00C04F79EFBC}") = "TiposValor", "TiposValor\TiposValor.csproj", "{06104008-86F8-4488-841E-8AE3A118C8D7}"
EndProject
Global
	GlobalSection(SolutionConfigurationPlatforms) = preSolution
		Debug|Any CPU = Debug|Any CPU
		Release|Any CPU = Release|Any CPU
	EndGlobalSection
	GlobalSection(ProjectConfigurationPlatforms) = postSolution
		{06104008-86F8-4488-841E-8AE3A118C8D7}.Debug|Any CPU.ActiveCfg = Debug|Any CPU
		{06104008-86F8-4488-841E-8AE3A118C8D7}.Debug|Any CPU.Build.0 = Debug|Any CPU
		{06104008-86F8-4488-841E-8AE3A118C8D7}.Release|Any CPU.ActiveCfg = Release|Any CPU
		{06104008-86F8-4488-841E-8AE3A118C8D7}.Release|Any CPU.Build.0 = Release|Any CPU
	EndGlobalSection
	GlobalSection(SolutionProperties) = preSolution
		HideSolutionNode = FALSE
	EndGlobalSection
	GlobalSection(ExtensibilityGlobals) = postSolution
		SolutionGuid = {5E3D99B9-71B1-4C33-BE90-E4BC80D4B9BB}
	EndGlobalSection
EndGlobal
