
Microsoft Visual Studio Solution File, Format Version 12.00
# Visual Studio Version 16
VisualStudioVersion = 16.0.29519.87
MinimumVisualStudioVersion = 10.0.40219.1
Project("{FAE04EC0-301F-11D3-BF4B-00C04F79EFBC}") = "ListExercise", "ListExercise\ListExercise.csproj", "{1CCC96E5-2B21-406D-8DDB-2BABA69F743B}"
EndProject
Global
	GlobalSection(SolutionConfigurationPlatforms) = preSolution
		Debug|Any CPU = Debug|Any CPU
		Release|Any CPU = Release|Any CPU
	EndGlobalSection
	GlobalSection(ProjectConfigurationPlatforms) = postSolution
		{1CCC96E5-2B21-406D-8DDB-2BABA69F743B}.Debug|Any CPU.ActiveCfg = Debug|Any CPU
		{1CCC96E5-2B21-406D-8DDB-2BABA69F743B}.Debug|Any CPU.Build.0 = Debug|Any CPU
		{1CCC96E5-2B21-406D-8DDB-2BABA69F743B}.Release|Any CPU.ActiveCfg = Release|Any CPU
		{1CCC96E5-2B21-406D-8DDB-2BABA69F743B}.Release|Any CPU.Build.0 = Release|Any CPU
	EndGlobalSection
	GlobalSection(SolutionProperties) = preSolution
		HideSolutionNode = FALSE
	EndGlobalSection
	GlobalSection(ExtensibilityGlobals) = postSolution
		SolutionGuid = {60FC5638-195C-4034-996D-28C4B7FE418C}
	EndGlobalSection
EndGlobal
