
Microsoft Visual Studio Solution File, Format Version 12.00
# Visual Studio Version 16
VisualStudioVersion = 16.0.29519.87
MinimumVisualStudioVersion = 10.0.40219.1
Project("{FAE04EC0-301F-11D3-BF4B-00C04F79EFBC}") = "Matriz", "Matriz\Matriz.csproj", "{680ABD85-D430-497C-B59F-83E974F5A6DA}"
EndProject
Global
	GlobalSection(SolutionConfigurationPlatforms) = preSolution
		Debug|Any CPU = Debug|Any CPU
		Release|Any CPU = Release|Any CPU
	EndGlobalSection
	GlobalSection(ProjectConfigurationPlatforms) = postSolution
		{680ABD85-D430-497C-B59F-83E974F5A6DA}.Debug|Any CPU.ActiveCfg = Debug|Any CPU
		{680ABD85-D430-497C-B59F-83E974F5A6DA}.Debug|Any CPU.Build.0 = Debug|Any CPU
		{680ABD85-D430-497C-B59F-83E974F5A6DA}.Release|Any CPU.ActiveCfg = Release|Any CPU
		{680ABD85-D430-497C-B59F-83E974F5A6DA}.Release|Any CPU.Build.0 = Release|Any CPU
	EndGlobalSection
	GlobalSection(SolutionProperties) = preSolution
		HideSolutionNode = FALSE
	EndGlobalSection
	GlobalSection(ExtensibilityGlobals) = postSolution
		SolutionGuid = {28481646-D29C-43A9-B591-489AC87B452C}
	EndGlobalSection
EndGlobal
