
Microsoft Visual Studio Solution File, Format Version 12.00
# Visual Studio Version 16
VisualStudioVersion = 16.0.29806.167
MinimumVisualStudioVersion = 10.0.40219.1
Project("{FAE04EC0-301F-11D3-BF4B-00C04F79EFBC}") = "FileExample1", "FileExample1\FileExample1.csproj", "{73FF363F-50E0-4C66-BDC7-278FB753E91C}"
EndProject
Global
	GlobalSection(SolutionConfigurationPlatforms) = preSolution
		Debug|Any CPU = Debug|Any CPU
		Release|Any CPU = Release|Any CPU
	EndGlobalSection
	GlobalSection(ProjectConfigurationPlatforms) = postSolution
		{73FF363F-50E0-4C66-BDC7-278FB753E91C}.Debug|Any CPU.ActiveCfg = Debug|Any CPU
		{73FF363F-50E0-4C66-BDC7-278FB753E91C}.Debug|Any CPU.Build.0 = Debug|Any CPU
		{73FF363F-50E0-4C66-BDC7-278FB753E91C}.Release|Any CPU.ActiveCfg = Release|Any CPU
		{73FF363F-50E0-4C66-BDC7-278FB753E91C}.Release|Any CPU.Build.0 = Release|Any CPU
	EndGlobalSection
	GlobalSection(SolutionProperties) = preSolution
		HideSolutionNode = FALSE
	EndGlobalSection
	GlobalSection(ExtensibilityGlobals) = postSolution
		SolutionGuid = {A55E52E5-A300-4401-9FD2-B3B3D0987D01}
	EndGlobalSection
EndGlobal
