
Microsoft Visual Studio Solution File, Format Version 12.00
# Visual Studio Version 16
VisualStudioVersion = 16.0.29519.87
MinimumVisualStudioVersion = 10.0.40219.1
Project("{FAE04EC0-301F-11D3-BF4B-00C04F79EFBC}") = "ModifParamsRefOut", "ModifParamsRefOut\ModifParamsRefOut.csproj", "{DCB45D65-4F2E-4F6D-A0AB-910486F43E69}"
EndProject
Global
	GlobalSection(SolutionConfigurationPlatforms) = preSolution
		Debug|Any CPU = Debug|Any CPU
		Release|Any CPU = Release|Any CPU
	EndGlobalSection
	GlobalSection(ProjectConfigurationPlatforms) = postSolution
		{DCB45D65-4F2E-4F6D-A0AB-910486F43E69}.Debug|Any CPU.ActiveCfg = Debug|Any CPU
		{DCB45D65-4F2E-4F6D-A0AB-910486F43E69}.Debug|Any CPU.Build.0 = Debug|Any CPU
		{DCB45D65-4F2E-4F6D-A0AB-910486F43E69}.Release|Any CPU.ActiveCfg = Release|Any CPU
		{DCB45D65-4F2E-4F6D-A0AB-910486F43E69}.Release|Any CPU.Build.0 = Release|Any CPU
	EndGlobalSection
	GlobalSection(SolutionProperties) = preSolution
		HideSolutionNode = FALSE
	EndGlobalSection
	GlobalSection(ExtensibilityGlobals) = postSolution
		SolutionGuid = {4FE60A6D-F344-4174-9458-B4DDEB6B6C47}
	EndGlobalSection
EndGlobal
